// !$*UTF8*$!
{
	archiveVersion = 1;
	classes = {
	};
	objectVersion = 46;
	objects = {

/* Begin PBXBuildFile section */
		04228FE119D7973C00202217 /* Foundation.framework in Frameworks */ = {isa = PBXBuildFile; fileRef = 04228FE019D7973C00202217 /* Foundation.framework */; };
		04228FE319D7973C00202217 /* CoreGraphics.framework in Frameworks */ = {isa = PBXBuildFile; fileRef = 04228FE219D7973C00202217 /* CoreGraphics.framework */; };
		04228FE519D7973C00202217 /* UIKit.framework in Frameworks */ = {isa = PBXBuildFile; fileRef = 04228FE419D7973C00202217 /* UIKit.framework */; };
		04228FEB19D7973C00202217 /* InfoPlist.strings in Resources */ = {isa = PBXBuildFile; fileRef = 04228FE919D7973C00202217 /* InfoPlist.strings */; };
		04228FED19D7973C00202217 /* main.m in Sources */ = {isa = PBXBuildFile; fileRef = 04228FEC19D7973C00202217 /* main.m */; };
		04228FF119D7973C00202217 /* YGHAppDelegate.m in Sources */ = {isa = PBXBuildFile; fileRef = 04228FF019D7973C00202217 /* YGHAppDelegate.m */; };
		04228FF319D7973C00202217 /* Images.xcassets in Resources */ = {isa = PBXBuildFile; fileRef = 04228FF219D7973C00202217 /* Images.xcassets */; };
		04228FFA19D7973C00202217 /* XCTest.framework in Frameworks */ = {isa = PBXBuildFile; fileRef = 04228FF919D7973C00202217 /* XCTest.framework */; };
		04228FFB19D7973C00202217 /* Foundation.framework in Frameworks */ = {isa = PBXBuildFile; fileRef = 04228FE019D7973C00202217 /* Foundation.framework */; };
		04228FFC19D7973C00202217 /* UIKit.framework in Frameworks */ = {isa = PBXBuildFile; fileRef = 04228FE419D7973C00202217 /* UIKit.framework */; };
		0422900419D7973C00202217 /* InfoPlist.strings in Resources */ = {isa = PBXBuildFile; fileRef = 0422900219D7973C00202217 /* InfoPlist.strings */; };
		0422900619D7973C00202217 /* _4131046Tests.m in Sources */ = {isa = PBXBuildFile; fileRef = 0422900519D7973C00202217 /* _4131046Tests.m */; };
/* End PBXBuildFile section */

/* Begin PBXContainerItemProxy section */
		04228FFD19D7973C00202217 /* PBXContainerItemProxy */ = {
			isa = PBXContainerItemProxy;
			containerPortal = 04228FD519D7973C00202217 /* Project object */;
			proxyType = 1;
			remoteGlobalIDString = 04228FDC19D7973C00202217;
			remoteInfo = 14131046;
		};
/* End PBXContainerItemProxy section */

/* Begin PBXFileReference section */
		04228FDD19D7973C00202217 /* 14131046.app */ = {isa = PBXFileReference; explicitFileType = wrapper.application; includeInIndex = 0; path = 14131046.app; sourceTree = BUILT_PRODUCTS_DIR; };
		04228FE019D7973C00202217 /* Foundation.framework */ = {isa = PBXFileReference; lastKnownFileType = wrapper.framework; name = Foundation.framework; path = System/Library/Frameworks/Foundation.framework; sourceTree = SDKROOT; };
		04228FE219D7973C00202217 /* CoreGraphics.framework */ = {isa = PBXFileReference; lastKnownFileType = wrapper.framework; name = CoreGraphics.framework; path = System/Library/Frameworks/CoreGraphics.framework; sourceTree = SDKROOT; };
		04228FE419D7973C00202217 /* UIKit.framework */ = {isa = PBXFileReference; lastKnownFileType = wrapper.framework; name = UIKit.framework; path = System/Library/Frameworks/UIKit.framework; sourceTree = SDKROOT; };
		04228FE819D7973C00202217 /* 14131046-Info.plist */ = {isa = PBXFileReference; lastKnownFileType = text.plist.xml; path = "14131046-Info.plist"; sourceTree = "<group>"; };
		04228FEA19D7973C00202217 /* en */ = {isa = PBXFileReference; lastKnownFileType = text.plist.strings; name = en; path = en.lproj/InfoPlist.strings; sourceTree = "<group>"; };
		04228FEC19D7973C00202217 /* main.m */ = {isa = PBXFileReference; lastKnownFileType = sourcecode.c.objc; path = main.m; sourceTree = "<group>"; };
		04228FEE19D7973C00202217 /* 14131046-Prefix.pch */ = {isa = PBXFileReference; lastKnownFileType = sourcecode.c.h; path = "14131046-Prefix.pch"; sourceTree = "<group>"; };
		04228FEF19D7973C00202217 /* YGHAppDelegate.h */ = {isa = PBXFileReference; lastKnownFileType = sourcecode.c.h; path = YGHAppDelegate.h; sourceTree = "<group>"; };
		04228FF019D7973C00202217 /* YGHAppDelegate.m */ = {isa = PBXFileReference; lastKnownFileType = sourcecode.c.objc; path = YGHAppDelegate.m; sourceTree = "<group>"; };
		04228FF219D7973C00202217 /* Images.xcassets */ = {isa = PBXFileReference; lastKnownFileType = folder.assetcatalog; path = Images.xcassets; sourceTree = "<group>"; };
		04228FF819D7973C00202217 /* 14131046Tests.xctest */ = {isa = PBXFileReference; explicitFileType = wrapper.cfbundle; includeInIndex = 0; path = 14131046Tests.xctest; sourceTree = BUILT_PRODUCTS_DIR; };
		04228FF919D7973C00202217 /* XCTest.framework */ = {isa = PBXFileReference; lastKnownFileType = wrapper.framework; name = XCTest.framework; path = Library/Frameworks/XCTest.framework; sourceTree = DEVELOPER_DIR; };
		0422900119D7973C00202217 /* 14131046Tests-Info.plist */ = {isa = PBXFileReference; lastKnownFileType = text.plist.xml; path = "14131046Tests-Info.plist"; sourceTree = "<group>"; };
		0422900319D7973C00202217 /* en */ = {isa = PBXFileReference; lastKnownFileType = text.plist.strings; name = en; path = en.lproj/InfoPlist.strings; sourceTree = "<group>"; };
		0422900519D7973C00202217 /* _4131046Tests.m */ = {isa = PBXFileReference; lastKnownFileType = sourcecode.c.objc; path = _4131046Tests.m; sourceTree = "<group>"; };
/* End PBXFileReference section */

/* Begin PBXFrameworksBuildPhase section */
		04228FDA19D7973C00202217 /* Frameworks */ = {
			isa = PBXFrameworksBuildPhase;
			buildActionMask = 2147483647;
			files = (
				04228FE319D7973C00202217 /* CoreGraphics.framework in Frameworks */,
				04228FE519D7973C00202217 /* UIKit.framework in Frameworks */,
				04228FE119D7973C00202217 /* Foundation.framework in Frameworks */,
			);
			runOnlyForDeploymentPostprocessing = 0;
		};
		04228FF519D7973C00202217 /* Frameworks */ = {
			isa = PBXFrameworksBuildPhase;
			buildActionMask = 2147483647;
			files = (
				04228FFA19D7973C00202217 /* XCTest.framework in Frameworks */,
				04228FFC19D7973C00202217 /* UIKit.framework in Frameworks */,
				04228FFB19D7973C00202217 /* Foundation.framework in Frameworks */,
			);
			runOnlyForDeploymentPostprocessing = 0;
		};
/* End PBXFrameworksBuildPhase section */

/* Begin PBXGroup section */
		04228FD419D7973C00202217 = {
			isa = PBXGroup;
			children = (
				04228FE619D7973C00202217 /* 14131046 */,
				04228FFF19D7973C00202217 /* 14131046Tests */,
				04228FDF19D7973C00202217 /* Frameworks */,
				04228FDE19D7973C00202217 /* Products */,
			);
			sourceTree = "<group>";
		};
		04228FDE19D7973C00202217 /* Products */ = {
			isa = PBXGroup;
			children = (
				04228FDD19D7973C00202217 /* 14131046.app */,
				04228FF819D7973C00202217 /* 14131046Tests.xctest */,
			);
			name = Products;
			sourceTree = "<group>";
		};
		04228FDF19D7973C00202217 /* Frameworks */ = {
			isa = PBXGroup;
			children = (
				04228FE019D7973C00202217 /* Foundation.framework */,
				04228FE219D7973C00202217 /* CoreGraphics.framework */,
				04228FE419D7973C00202217 /* UIKit.framework */,
				04228FF919D7973C00202217 /* XCTest.framework */,
			);
			name = Frameworks;
			sourceTree = "<group>";
		};
		04228FE619D7973C00202217 /* 14131046 */ = {
			isa = PBXGroup;
			children = (
				04228FEF19D7973C00202217 /* YGHAppDelegate.h */,
				04228FF019D7973C00202217 /* YGHAppDelegate.m */,
				04228FF219D7973C00202217 /* Images.xcassets */,
				04228FE719D7973C00202217 /* Supporting Files */,
			);
			path = 14131046;
			sourceTree = "<group>";
		};
		04228FE719D7973C00202217 /* Supporting Files */ = {
			isa = PBXGroup;
			children = (
				04228FE819D7973C00202217 /* 14131046-Info.plist */,
				04228FE919D7973C00202217 /* InfoPlist.strings */,
				04228FEC19D7973C00202217 /* main.m */,
				04228FEE19D7973C00202217 /* 14131046-Prefix.pch */,
			);
			name = "Supporting Files";
			sourceTree = "<group>";
		};
		04228FFF19D7973C00202217 /* 14131046Tests */ = {
			isa = PBXGroup;
			children = (
				0422900519D7973C00202217 /* _4131046Tests.m */,
				0422900019D7973C00202217 /* Supporting Files */,
			);
			path = 14131046Tests;
			sourceTree = "<group>";
		};
		0422900019D7973C00202217 /* Supporting Files */ = {
			isa = PBXGroup;
			children = (
				0422900119D7973C00202217 /* 14131046Tests-Info.plist */,
				0422900219D7973C00202217 /* InfoPlist.strings */,
			);
			name = "Supporting Files";
			sourceTree = "<group>";
		};
/* End PBXGroup section */

/* Begin PBXNativeTarget section */
		04228FDC19D7973C00202217 /* 14131046 */ = {
			isa = PBXNativeTarget;
			buildConfigurationList = 0422900919D7973C00202217 /* Build configuration list for PBXNativeTarget "14131046" */;
			buildPhases = (
				04228FD919D7973C00202217 /* Sources */,
				04228FDA19D7973C00202217 /* Frameworks */,
				04228FDB19D7973C00202217 /* Resources */,
			);
			buildRules = (
			);
			dependencies = (
			);
			name = 14131046;
			productName = 14131046;
			productReference = 04228FDD19D7973C00202217 /* 14131046.app */;
			productType = "com.apple.product-type.application";
		};
		04228FF719D7973C00202217 /* 14131046Tests */ = {
			isa = PBXNativeTarget;
			buildConfigurationList = 0422900C19D7973C00202217 /* Build configuration list for PBXNativeTarget "14131046Tests" */;
			buildPhases = (
				04228FF419D7973C00202217 /* Sources */,
				04228FF519D7973C00202217 /* Frameworks */,
				04228FF619D7973C00202217 /* Resources */,
			);
			buildRules = (
			);
			dependencies = (
				04228FFE19D7973C00202217 /* PBXTargetDependency */,
			);
			name = 14131046Tests;
			productName = 14131046Tests;
			productReference = 04228FF819D7973C00202217 /* 14131046Tests.xctest */;
			productType = "com.apple.product-type.bundle.unit-test";
		};
/* End PBXNativeTarget section */

/* Begin PBXProject section */
		04228FD519D7973C00202217 /* Project object */ = {
			isa = PBXProject;
			attributes = {
				CLASSPREFIX = YGH;
				LastUpgradeCheck = 0510;
				ORGANIZATIONNAME = "___YUGUIHUA___";
				TargetAttributes = {
					04228FF719D7973C00202217 = {
						TestTargetID = 04228FDC19D7973C00202217;
					};
				};
			};
			buildConfigurationList = 04228FD819D7973C00202217 /* Build configuration list for PBXProject "14131046" */;
			compatibilityVersion = "Xcode 3.2";
			developmentRegion = English;
			hasScannedForEncodings = 0;
			knownRegions = (
				en,
			);
			mainGroup = 04228FD419D7973C00202217;
			productRefGroup = 04228FDE19D7973C00202217 /* Products */;
			projectDirPath = "";
			projectRoot = "";
			targets = (
				04228FDC19D7973C00202217 /* 14131046 */,
				04228FF719D7973C00202217 /* 14131046Tests */,
			);
		};
/* End PBXProject section */

/* Begin PBXResourcesBuildPhase section */
		04228FDB19D7973C00202217 /* Resources */ = {
			isa = PBXResourcesBuildPhase;
			buildActionMask = 2147483647;
			files = (
				04228FEB19D7973C00202217 /* InfoPlist.strings in Resources */,
				04228FF319D7973C00202217 /* Images.xcassets in Resources */,
			);
			runOnlyForDeploymentPostprocessing = 0;
		};
		04228FF619D7973C00202217 /* Resources */ = {
			isa = PBXResourcesBuildPhase;
			buildActionMask = 2147483647;
			files = (
				0422900419D7973C00202217 /* InfoPlist.strings in Resources */,
			);
			runOnlyForDeploymentPostprocessing = 0;
		};
/* End PBXResourcesBuildPhase section */

/* Begin PBXSourcesBuildPhase section */
		04228FD919D7973C00202217 /* Sources */ = {
			isa = PBXSourcesBuildPhase;
			buildActionMask = 2147483647;
			files = (
				04228FED19D7973C00202217 /* main.m in Sources */,
				04228FF119D7973C00202217 /* YGHAppDelegate.m in Sources */,
			);
			runOnlyForDeploymentPostprocessing = 0;
		};
		04228FF419D7973C00202217 /* Sources */ = {
			isa = PBXSourcesBuildPhase;
			buildActionMask = 2147483647;
			files = (
				0422900619D7973C00202217 /* _4131046Tests.m in Sources */,
			);
			runOnlyForDeploymentPostprocessing = 0;
		};
/* End PBXSourcesBuildPhase section */

/* Begin PBXTargetDependency section */
		04228FFE19D7973C00202217 /* PBXTargetDependency */ = {
			isa = PBXTargetDependency;
			target = 04228FDC19D7973C00202217 /* 14131046 */;
			targetProxy = 04228FFD19D7973C00202217 /* PBXContainerItemProxy */;
		};
/* End PBXTargetDependency section */

/* Begin PBXVariantGroup section */
		04228FE919D7973C00202217 /* InfoPlist.strings */ = {
			isa = PBXVariantGroup;
			children = (
				04228FEA19D7973C00202217 /* en */,
			);
			name = InfoPlist.strings;
			sourceTree = "<group>";
		};
		0422900219D7973C00202217 /* InfoPlist.strings */ = {
			isa = PBXVariantGroup;
			children = (
				0422900319D7973C00202217 /* en */,
			);
			name = InfoPlist.strings;
			sourceTree = "<group>";
		};
/* End PBXVariantGroup section */

/* Begin XCBuildConfiguration section */
		0422900719D7973C00202217 /* Debug */ = {
			isa = XCBuildConfiguration;
			buildSettings = {
				ALWAYS_SEARCH_USER_PATHS = NO;
				CLANG_CXX_LANGUAGE_STANDARD = "gnu++0x";
				CLANG_CXX_LIBRARY = "libc++";
				CLANG_ENABLE_MODULES = YES;
				CLANG_ENABLE_OBJC_ARC = YES;
				CLANG_WARN_BOOL_CONVERSION = YES;
				CLANG_WARN_CONSTANT_CONVERSION = YES;
				CLANG_WARN_DIRECT_OBJC_ISA_USAGE = YES_ERROR;
				CLANG_WARN_EMPTY_BODY = YES;
				CLANG_WARN_ENUM_CONVERSION = YES;
				CLANG_WARN_INT_CONVERSION = YES;
				CLANG_WARN_OBJC_ROOT_CLASS = YES_ERROR;
				CLANG_WARN__DUPLICATE_METHOD_MATCH = YES;
				"CODE_SIGN_IDENTITY[sdk=iphoneos*]" = "iPhone Developer";
				COPY_PHASE_STRIP = NO;
				GCC_C_LANGUAGE_STANDARD = gnu99;
				GCC_DYNAMIC_NO_PIC = NO;
				GCC_OPTIMIZATION_LEVEL = 0;
				GCC_PREPROCESSOR_DEFINITIONS = (
					"DEBUG=1",
					"$(inherited)",
				);
				GCC_SYMBOLS_PRIVATE_EXTERN = NO;
				GCC_WARN_64_TO_32_BIT_CONVERSION = YES;
				GCC_WARN_ABOUT_RETURN_TYPE = YES_ERROR;
				GCC_WARN_UNDECLARED_SELECTOR = YES;
				GCC_WARN_UNINITIALIZED_AUTOS = YES_AGGRESSIVE;
				GCC_WARN_UNUSED_FUNCTION = YES;
				GCC_WARN_UNUSED_VARIABLE = YES;
				IPHONEOS_DEPLOYMENT_TARGET = 7.1;
				ONLY_ACTIVE_ARCH = YES;
				SDKROOT = iphoneos;
			};
			name = Debug;
		};
		0422900819D7973C00202217 /* Release */ = {
			isa = XCBuildConfiguration;
			buildSettings = {
				ALWAYS_SEARCH_USER_PATHS = NO;
				CLANG_CXX_LANGUAGE_STANDARD = "gnu++0x";
				CLANG_CXX_LIBRARY = "libc++";
				CLANG_ENABLE_MODULES = YES;
				CLANG_ENABLE_OBJC_ARC = YES;
				CLANG_WARN_BOOL_CONVERSION = YES;
				CLANG_WARN_CONSTANT_CONVERSION = YES;
				CLANG_WARN_DIRECT_OBJC_ISA_USAGE = YES_ERROR;
				CLANG_WARN_EMPTY_BODY = YES;
				CLANG_WARN_ENUM_CONVERSION = YES;
				CLANG_WARN_INT_CONVERSION = YES;
				CLANG_WARN_OBJC_ROOT_CLASS = YES_ERROR;
				CLANG_WARN__DUPLICATE_METHOD_MATCH = YES;
				"CODE_SIGN_IDENTITY[sdk=iphoneos*]" = "iPhone Developer";
				COPY_PHASE_STRIP = YES;
				ENABLE_NS_ASSERTIONS = NO;
				GCC_C_LANGUAGE_STANDARD = gnu99;
				GCC_WARN_64_TO_32_BIT_CONVERSION = YES;
				GCC_WARN_ABOUT_RETURN_TYPE = YES_ERROR;
				GCC_WARN_UNDECLARED_SELECTOR = YES;
				GCC_WARN_UNINITIALIZED_AUTOS = YES_AGGRESSIVE;
				GCC_WARN_UNUSED_FUNCTION = YES;
				GCC_WARN_UNUSED_VARIABLE = YES;
				IPHONEOS_DEPLOYMENT_TARGET = 7.1;
				SDKROOT = iphoneos;
				VALIDATE_PRODUCT = YES;
			};
			name = Release;
		};
		0422900A19D7973C00202217 /* Debug */ = {
			isa = XCBuildConfiguration;
			buildSettings = {
				ASSETCATALOG_COMPILER_APPICON_NAME = AppIcon;
				ASSETCATALOG_COMPILER_LAUNCHIMAGE_NAME = LaunchImage;
				GCC_PRECOMPILE_PREFIX_HEADER = YES;
				GCC_PREFIX_HEADER = "14131046/14131046-Prefix.pch";
				INFOPLIST_FILE = "14131046/14131046-Info.plist";
				PRODUCT_NAME = "$(TARGET_NAME)";
				WRAPPER_EXTENSION = app;
			};
			name = Debug;
		};
		0422900B19D7973C00202217 /* Release */ = {
			isa = XCBuildConfiguration;
			buildSettings = {
				ASSETCATALOG_COMPILER_APPICON_NAME = AppIcon;
				ASSETCATALOG_COMPILER_LAUNCHIMAGE_NAME = LaunchImage;
				GCC_PRECOMPILE_PREFIX_HEADER = YES;
				GCC_PREFIX_HEADER = "14131046/14131046-Prefix.pch";
				INFOPLIST_FILE = "14131046/14131046-Info.plist";
				PRODUCT_NAME = "$(TARGET_NAME)";
				WRAPPER_EXTENSION = app;
			};
			name = Release;
		};
		0422900D19D7973C00202217 /* Debug */ = {
			isa = XCBuildConfiguration;
			buildSettings = {
				BUNDLE_LOADER = "$(BUILT_PRODUCTS_DIR)/14131046.app/14131046";
				FRAMEWORK_SEARCH_PATHS = (
					"$(SDKROOT)/Developer/Library/Frameworks",
					"$(inherited)",
					"$(DEVELOPER_FRAMEWORKS_DIR)",
				);
				GCC_PRECOMPILE_PREFIX_HEADER = YES;
				GCC_PREFIX_HEADER = "14131046/14131046-Prefix.pch";
				GCC_PREPROCESSOR_DEFINITIONS = (
					"DEBUG=1",
					"$(inherited)",
				);
				INFOPLIST_FILE = "14131046Tests/14131046Tests-Info.plist";
				PRODUCT_NAME = "$(TARGET_NAME)";
				TEST_HOST = "$(BUNDLE_LOADER)";
				WRAPPER_EXTENSION = xctest;
			};
			name = Debug;
		};
		0422900E19D7973C00202217 /* Release */ = {
			isa = XCBuildConfiguration;
			buildSettings = {
				BUNDLE_LOADER = "$(BUILT_PRODUCTS_DIR)/14131046.app/14131046";
				FRAMEWORK_SEARCH_PATHS = (
					"$(SDKROOT)/Developer/Library/Frameworks",
					"$(inherited)",
					"$(DEVELOPER_FRAMEWORKS_DIR)",
				);
				GCC_PRECOMPILE_PREFIX_HEADER = YES;
				GCC_PREFIX_HEADER = "14131046/14131046-Prefix.pch";
				INFOPLIST_FILE = "14131046Tests/14131046Tests-Info.plist";
				PRODUCT_NAME = "$(TARGET_NAME)";
				TEST_HOST = "$(BUNDLE_LOADER)";
				WRAPPER_EXTENSION = xctest;
			};
			name = Release;
		};
/* End XCBuildConfiguration section */

/* Begin XCConfigurationList section */
		04228FD819D7973C00202217 /* Build configuration list for PBXProject "14131046" */ = {
			isa = XCConfigurationList;
			buildConfigurations = (
				0422900719D7973C00202217 /* Debug */,
				0422900819D7973C00202217 /* Release */,
			);
			defaultConfigurationIsVisible = 0;
			defaultConfigurationName = Release;
		};
		0422900919D7973C00202217 /* Build configuration list for PBXNativeTarget "14131046" */ = {
			isa = XCConfigurationList;
			buildConfigurations = (
				0422900A19D7973C00202217 /* Debug */,
				0422900B19D7973C00202217 /* Release */,
			);
			defaultConfigurationIsVisible = 0;
		};
		0422900C19D7973C00202217 /* Build configuration list for PBXNativeTarget "14131046Tests" */ = {
			isa = XCConfigurationList;
			buildConfigurations = (
				0422900D19D7973C00202217 /* Debug */,
				0422900E19D7973C00202217 /* Release */,
			);
			defaultConfigurationIsVisible = 0;
		};
/* End XCConfigurationList section */
	};
	rootObject = 04228FD519D7973C00202217 /* Project object */;
}
